// !$*UTF8*$!
{
	archiveVersion = 1;
	classes = {
	};
	objectVersion = 46;
	objects = {

/* Begin PBXBuildFile section */
		AB33F0A41AB2764F0044B1B4 /* AppDelegate.swift in Sources */ = {isa = PBXBuildFile; fileRef = AB33F0A31AB2764F0044B1B4 /* AppDelegate.swift */; };
		AB33F0A61AB2764F0044B1B4 /* RecordSoundsViewController.swift in Sources */ = {isa = PBXBuildFile; fileRef = AB33F0A51AB2764F0044B1B4 /* RecordSoundsViewController.swift */; };
		AB33F0A91AB2764F0044B1B4 /* Main.storyboard in Resources */ = {isa = PBXBuildFile; fileRef = AB33F0A71AB2764F0044B1B4 /* Main.storyboard */; };
		AB33F0AB1AB2764F0044B1B4 /* Images.xcassets in Resources */ = {isa = PBXBuildFile; fileRef = AB33F0AA1AB2764F0044B1B4 /* Images.xcassets */; };
		AB33F0AE1AB2764F0044B1B4 /* LaunchScreen.xib in Resources */ = {isa = PBXBuildFile; fileRef = AB33F0AC1AB2764F0044B1B4 /* LaunchScreen.xib */; };
		AB33F0BA1AB2764F0044B1B4 /* Pitch_PerfectTests.swift in Sources */ = {isa = PBXBuildFile; fileRef = AB33F0B91AB2764F0044B1B4 /* Pitch_PerfectTests.swift */; };
		AB33F0C41AB60B0B0044B1B4 /* PlaySoundsViewController.swift in Sources */ = {isa = PBXBuildFile; fileRef = AB33F0C31AB60B0B0044B1B4 /* PlaySoundsViewController.swift */; };
		AB33F0C81AB636420044B1B4 /* RecordedAudio.swift in Sources */ = {isa = PBXBuildFile; fileRef = AB33F0C71AB636420044B1B4 /* RecordedAudio.swift */; };
/* End PBXBuildFile section */

/* Begin PBXContainerItemProxy section */
		AB33F0B41AB2764F0044B1B4 /* PBXContainerItemProxy */ = {
			isa = PBXContainerItemProxy;
			containerPortal = AB33F0961AB2764E0044B1B4 /* Project object */;
			proxyType = 1;
			remoteGlobalIDString = AB33F09D1AB2764E0044B1B4;
			remoteInfo = "Pitch Perfect";
		};
/* End PBXContainerItemProxy section */

/* Begin PBXFileReference section */
		AB33F09E1AB2764E0044B1B4 /* Pitch Perfect.app */ = {isa = PBXFileReference; explicitFileType = wrapper.application; includeInIndex = 0; path = "Pitch Perfect.app"; sourceTree = BUILT_PRODUCTS_DIR; };
		AB33F0A21AB2764E0044B1B4 /* Info.plist */ = {isa = PBXFileReference; lastKnownFileType = text.plist.xml; path = Info.plist; sourceTree = "<group>"; };
		AB33F0A31AB2764F0044B1B4 /* AppDelegate.swift */ = {isa = PBXFileReference; lastKnownFileType = sourcecode.swift; path = AppDelegate.swift; sourceTree = "<group>"; };
		AB33F0A51AB2764F0044B1B4 /* RecordSoundsViewController.swift */ = {isa = PBXFileReference; lastKnownFileType = sourcecode.swift; path = RecordSoundsViewController.swift; sourceTree = "<group>"; };
		AB33F0A81AB2764F0044B1B4 /* Base */ = {isa = PBXFileReference; lastKnownFileType = file.storyboard; name = Base; path = Base.lproj/Main.storyboard; sourceTree = "<group>"; };
		AB33F0AA1AB2764F0044B1B4 /* Images.xcassets */ = {isa = PBXFileReference; lastKnownFileType = folder.assetcatalog; path = Images.xcassets; sourceTree = "<group>"; };
		AB33F0AD1AB2764F0044B1B4 /* Base */ = {isa = PBXFileReference; lastKnownFileType = file.xib; name = Base; path = Base.lproj/LaunchScreen.xib; sourceTree = "<group>"; };
		AB33F0B31AB2764F0044B1B4 /* Pitch PerfectTests.xctest */ = {isa = PBXFileReference; explicitFileType = wrapper.cfbundle; includeInIndex = 0; path = "Pitch PerfectTests.xctest"; sourceTree = BUILT_PRODUCTS_DIR; };
		AB33F0B81AB2764F0044B1B4 /* Info.plist */ = {isa = PBXFileReference; lastKnownFileType = text.plist.xml; path = Info.plist; sourceTree = "<group>"; };
		AB33F0B91AB2764F0044B1B4 /* Pitch_PerfectTests.swift */ = {isa = PBXFileReference; lastKnownFileType = sourcecode.swift; path = Pitch_PerfectTests.swift; sourceTree = "<group>"; };
		AB33F0C31AB60B0B0044B1B4 /* PlaySoundsViewController.swift */ = {isa = PBXFileReference; fileEncoding = 4; lastKnownFileType = sourcecode.swift; path = PlaySoundsViewController.swift; sourceTree = "<group>"; };
		AB33F0C71AB636420044B1B4 /* RecordedAudio.swift */ = {isa = PBXFileReference; fileEncoding = 4; lastKnownFileType = sourcecode.swift; path = RecordedAudio.swift; sourceTree = "<group>"; };
/* End PBXFileReference section */

/* Begin PBXFrameworksBuildPhase section */
		AB33F09B1AB2764E0044B1B4 /* Frameworks */ = {
			isa = PBXFrameworksBuildPhase;
			buildActionMask = 2147483647;
			files = (
			);
			runOnlyForDeploymentPostprocessing = 0;
		};
		AB33F0B01AB2764F0044B1B4 /* Frameworks */ = {
			isa = PBXFrameworksBuildPhase;
			buildActionMask = 2147483647;
			files = (
			);
			runOnlyForDeploymentPostprocessing = 0;
		};
/* End PBXFrameworksBuildPhase section */

/* Begin PBXGroup section */
		AB33F0951AB2764E0044B1B4 = {
			isa = PBXGroup;
			children = (
				AB33F0A01AB2764E0044B1B4 /* Pitch Perfect */,
				AB33F0B61AB2764F0044B1B4 /* Pitch PerfectTests */,
				AB33F09F1AB2764E0044B1B4 /* Products */,
			);
			sourceTree = "<group>";
		};
		AB33F09F1AB2764E0044B1B4 /* Products */ = {
			isa = PBXGroup;
			children = (
				AB33F09E1AB2764E0044B1B4 /* Pitch Perfect.app */,
				AB33F0B31AB2764F0044B1B4 /* Pitch PerfectTests.xctest */,
			);
			name = Products;
			sourceTree = "<group>";
		};
		AB33F0A01AB2764E0044B1B4 /* Pitch Perfect */ = {
			isa = PBXGroup;
			children = (
				AB33F0A31AB2764F0044B1B4 /* AppDelegate.swift */,
				AB33F0A51AB2764F0044B1B4 /* RecordSoundsViewController.swift */,
				AB33F0C71AB636420044B1B4 /* RecordedAudio.swift */,
				AB33F0A71AB2764F0044B1B4 /* Main.storyboard */,
				AB33F0C31AB60B0B0044B1B4 /* PlaySoundsViewController.swift */,
				AB33F0AA1AB2764F0044B1B4 /* Images.xcassets */,
				AB33F0AC1AB2764F0044B1B4 /* LaunchScreen.xib */,
				AB33F0A11AB2764E0044B1B4 /* Supporting Files */,
			);
			path = "Pitch Perfect";
			sourceTree = "<group>";
		};
		AB33F0A11AB2764E0044B1B4 /* Supporting Files */ = {
			isa = PBXGroup;
			children = (
				AB33F0A21AB2764E0044B1B4 /* Info.plist */,
			);
			name = "Supporting Files";
			sourceTree = "<group>";
		};
		AB33F0B61AB2764F0044B1B4 /* Pitch PerfectTests */ = {
			isa = PBXGroup;
			children = (
				AB33F0B91AB2764F0044B1B4 /* Pitch_PerfectTests.swift */,
				AB33F0B71AB2764F0044B1B4 /* Supporting Files */,
			);
			path = "Pitch PerfectTests";
			sourceTree = "<group>";
		};
		AB33F0B71AB2764F0044B1B4 /* Supporting Files */ = {
			isa = PBXGroup;
			children = (
				AB33F0B81AB2764F0044B1B4 /* Info.plist */,
			);
			name = "Supporting Files";
			sourceTree = "<group>";
		};
/* End PBXGroup section */

/* Begin PBXNativeTarget section */
		AB33F09D1AB2764E0044B1B4 /* Pitch Perfect */ = {
			isa = PBXNativeTarget;
			buildConfigurationList = AB33F0BD1AB2764F0044B1B4 /* Build configuration list for PBXNativeTarget "Pitch Perfect" */;
			buildPhases = (
				AB33F09A1AB2764E0044B1B4 /* Sources */,
				AB33F09B1AB2764E0044B1B4 /* Frameworks */,
				AB33F09C1AB2764E0044B1B4 /* Resources */,
			);
			buildRules = (
			);
			dependencies = (
			);
			name = "Pitch Perfect";
			productName = "Pitch Perfect";
			productReference = AB33F09E1AB2764E0044B1B4 /* Pitch Perfect.app */;
			productType = "com.apple.product-type.application";
		};
		AB33F0B21AB2764F0044B1B4 /* Pitch PerfectTests */ = {
			isa = PBXNativeTarget;
			buildConfigurationList = AB33F0C01AB2764F0044B1B4 /* Build configuration list for PBXNativeTarget "Pitch PerfectTests" */;
			buildPhases = (
				AB33F0AF1AB2764F0044B1B4 /* Sources */,
				AB33F0B01AB2764F0044B1B4 /* Frameworks */,
				AB33F0B11AB2764F0044B1B4 /* Resources */,
			);
			buildRules = (
			);
			dependencies = (
				AB33F0B51AB2764F0044B1B4 /* PBXTargetDependency */,
			);
			name = "Pitch PerfectTests";
			productName = "Pitch PerfectTests";
			productReference = AB33F0B31AB2764F0044B1B4 /* Pitch PerfectTests.xctest */;
			productType = "com.apple.product-type.bundle.unit-test";
		};
/* End PBXNativeTarget section */

/* Begin PBXProject section */
		AB33F0961AB2764E0044B1B4 /* Project object */ = {
			isa = PBXProject;
			attributes = {
				LastUpgradeCheck = 0620;
				ORGANIZATIONNAME = "Bronson, Jason";
				TargetAttributes = {
					AB33F09D1AB2764E0044B1B4 = {
						CreatedOnToolsVersion = 6.2;
					};
					AB33F0B21AB2764F0044B1B4 = {
						CreatedOnToolsVersion = 6.2;
						TestTargetID = AB33F09D1AB2764E0044B1B4;
					};
				};
			};
			buildConfigurationList = AB33F0991AB2764E0044B1B4 /* Build configuration list for PBXProject "Pitch Perfect" */;
			compatibilityVersion = "Xcode 3.2";
			developmentRegion = English;
			hasScannedForEncodings = 0;
			knownRegions = (
				en,
				Base,
			);
			mainGroup = AB33F0951AB2764E0044B1B4;
			productRefGroup = AB33F09F1AB2764E0044B1B4 /* Products */;
			projectDirPath = "";
			projectRoot = "";
			targets = (
				AB33F09D1AB2764E0044B1B4 /* Pitch Perfect */,
				AB33F0B21AB2764F0044B1B4 /* Pitch PerfectTests */,
			);
		};
/* End PBXProject section */

/* Begin PBXResourcesBuildPhase section */
		AB33F09C1AB2764E0044B1B4 /* Resources */ = {
			isa = PBXResourcesBuildPhase;
			buildActionMask = 2147483647;
			files = (
				AB33F0A91AB2764F0044B1B4 /* Main.storyboard in Resources */,
				AB33F0AE1AB2764F0044B1B4 /* LaunchScreen.xib in Resources */,
				AB33F0AB1AB2764F0044B1B4 /* Images.xcassets in Resources */,
			);
			runOnlyForDeploymentPostprocessing = 0;
		};
		AB33F0B11AB2764F0044B1B4 /* Resources */ = {
			isa = PBXResourcesBuildPhase;
			buildActionMask = 2147483647;
			files = (
			);
			runOnlyForDeploymentPostprocessing = 0;
		};
/* End PBXResourcesBuildPhase section */

/* Begin PBXSourcesBuildPhase section */
		AB33F09A1AB2764E0044B1B4 /* Sources */ = {
			isa = PBXSourcesBuildPhase;
			buildActionMask = 2147483647;
			files = (
				AB33F0C81AB636420044B1B4 /* RecordedAudio.swift in Sources */,
				AB33F0A61AB2764F0044B1B4 /* RecordSoundsViewController.swift in Sources */,
				AB33F0C41AB60B0B0044B1B4 /* PlaySoundsViewController.swift in Sources */,
				AB33F0A41AB2764F0044B1B4 /* AppDelegate.swift in Sources */,
			);
			runOnlyForDeploymentPostprocessing = 0;
		};
		AB33F0AF1AB2764F0044B1B4 /* Sources */ = {
			isa = PBXSourcesBuildPhase;
			buildActionMask = 2147483647;
			files = (
				AB33F0BA1AB2764F0044B1B4 /* Pitch_PerfectTests.swift in Sources */,
			);
			runOnlyForDeploymentPostprocessing = 0;
		};
/* End PBXSourcesBuildPhase section */

/* Begin PBXTargetDependency section */
		AB33F0B51AB2764F0044B1B4 /* PBXTargetDependency */ = {
			isa = PBXTargetDependency;
			target = AB33F09D1AB2764E0044B1B4 /* Pitch Perfect */;
			targetProxy = AB33F0B41AB2764F0044B1B4 /* PBXContainerItemProxy */;
		};
/* End PBXTargetDependency section */

/* Begin PBXVariantGroup section */
		AB33F0A71AB2764F0044B1B4 /* Main.storyboard */ = {
			isa = PBXVariantGroup;
			children = (
				AB33F0A81AB2764F0044B1B4 /* Base */,
			);
			name = Main.storyboard;
			sourceTree = "<group>";
		};
		AB33F0AC1AB2764F0044B1B4 /* LaunchScreen.xib */ = {
			isa = PBXVariantGroup;
			children = (
				AB33F0AD1AB2764F0044B1B4 /* Base */,
			);
			name = LaunchScreen.xib;
			sourceTree = "<group>";
		};
/* End PBXVariantGroup section */

/* Begin XCBuildConfiguration section */
		AB33F0BB1AB2764F0044B1B4 /* Debug */ = {
			isa = XCBuildConfiguration;
			buildSettings = {
				ALWAYS_SEARCH_USER_PATHS = NO;
				CLANG_CXX_LANGUAGE_STANDARD = "gnu++0x";
				CLANG_CXX_LIBRARY = "libc++";
				CLANG_ENABLE_MODULES = YES;
				CLANG_ENABLE_OBJC_ARC = YES;
				CLANG_WARN_BOOL_CONVERSION = YES;
				CLANG_WARN_CONSTANT_CONVERSION = YES;
				CLANG_WARN_DIRECT_OBJC_ISA_USAGE = YES_ERROR;
				CLANG_WARN_EMPTY_BODY = YES;
				CLANG_WARN_ENUM_CONVERSION = YES;
				CLANG_WARN_INT_CONVERSION = YES;
				CLANG_WARN_OBJC_ROOT_CLASS = YES_ERROR;
				CLANG_WARN_UNREACHABLE_CODE = YES;
				CLANG_WARN__DUPLICATE_METHOD_MATCH = YES;
				"CODE_SIGN_IDENTITY[sdk=iphoneos*]" = "iPhone Developer";
				COPY_PHASE_STRIP = NO;
				ENABLE_STRICT_OBJC_MSGSEND = YES;
				GCC_C_LANGUAGE_STANDARD = gnu99;
				GCC_DYNAMIC_NO_PIC = NO;
				GCC_OPTIMIZATION_LEVEL = 0;
				GCC_PREPROCESSOR_DEFINITIONS = (
					"DEBUG=1",
					"$(inherited)",
				);
				GCC_SYMBOLS_PRIVATE_EXTERN = NO;
				GCC_WARN_64_TO_32_BIT_CONVERSION = YES;
				GCC_WARN_ABOUT_RETURN_TYPE = YES_ERROR;
				GCC_WARN_UNDECLARED_SELECTOR = YES;
				GCC_WARN_UNINITIALIZED_AUTOS = YES_AGGRESSIVE;
				GCC_WARN_UNUSED_FUNCTION = YES;
				GCC_WARN_UNUSED_VARIABLE = YES;
				IPHONEOS_DEPLOYMENT_TARGET = 8.2;
				MTL_ENABLE_DEBUG_INFO = YES;
				ONLY_ACTIVE_ARCH = YES;
				SDKROOT = iphoneos;
				SWIFT_OPTIMIZATION_LEVEL = "-Onone";
			};
			name = Debug;
		};
		AB33F0BC1AB2764F0044B1B4 /* Release */ = {
			isa = XCBuildConfiguration;
			buildSettings = {
				ALWAYS_SEARCH_USER_PATHS = NO;
				CLANG_CXX_LANGUAGE_STANDARD = "gnu++0x";
				CLANG_CXX_LIBRARY = "libc++";
				CLANG_ENABLE_MODULES = YES;
				CLANG_ENABLE_OBJC_ARC = YES;
				CLANG_WARN_BOOL_CONVERSION = YES;
				CLANG_WARN_CONSTANT_CONVERSION = YES;
				CLANG_WARN_DIRECT_OBJC_ISA_USAGE = YES_ERROR;
				CLANG_WARN_EMPTY_BODY = YES;
				CLANG_WARN_ENUM_CONVERSION = YES;
				CLANG_WARN_INT_CONVERSION = YES;
				CLANG_WARN_OBJC_ROOT_CLASS = YES_ERROR;
				CLANG_WARN_UNREACHABLE_CODE = YES;
				CLANG_WARN__DUPLICATE_METHOD_MATCH = YES;
				"CODE_SIGN_IDENTITY[sdk=iphoneos*]" = "iPhone Developer";
				COPY_PHASE_STRIP = NO;
				ENABLE_NS_ASSERTIONS = NO;
				ENABLE_STRICT_OBJC_MSGSEND = YES;
				GCC_C_LANGUAGE_STANDARD = gnu99;
				GCC_WARN_64_TO_32_BIT_CONVERSION = YES;
				GCC_WARN_ABOUT_RETURN_TYPE = YES_ERROR;
				GCC_WARN_UNDECLARED_SELECTOR = YES;
				GCC_WARN_UNINITIALIZED_AUTOS = YES_AGGRESSIVE;
				GCC_WARN_UNUSED_FUNCTION = YES;
				GCC_WARN_UNUSED_VARIABLE = YES;
				IPHONEOS_DEPLOYMENT_TARGET = 8.2;
				MTL_ENABLE_DEBUG_INFO = NO;
				SDKROOT = iphoneos;
				VALIDATE_PRODUCT = YES;
			};
			name = Release;
		};
		AB33F0BE1AB2764F0044B1B4 /* Debug */ = {
			isa = XCBuildConfiguration;
			buildSettings = {
				ASSETCATALOG_COMPILER_APPICON_NAME = AppIcon;
				INFOPLIST_FILE = "Pitch Perfect/Info.plist";
				LD_RUNPATH_SEARCH_PATHS = "$(inherited) @executable_path/Frameworks";
				PRODUCT_NAME = "$(TARGET_NAME)";
			};
			name = Debug;
		};
		AB33F0BF1AB2764F0044B1B4 /* Release */ = {
			isa = XCBuildConfiguration;
			buildSettings = {
				ASSETCATALOG_COMPILER_APPICON_NAME = AppIcon;
				INFOPLIST_FILE = "Pitch Perfect/Info.plist";
				LD_RUNPATH_SEARCH_PATHS = "$(inherited) @executable_path/Frameworks";
				PRODUCT_NAME = "$(TARGET_NAME)";
			};
			name = Release;
		};
		AB33F0C11AB2764F0044B1B4 /* Debug */ = {
			isa = XCBuildConfiguration;
			buildSettings = {
				BUNDLE_LOADER = "$(TEST_HOST)";
				FRAMEWORK_SEARCH_PATHS = (
					"$(SDKROOT)/Developer/Library/Frameworks",
					"$(inherited)",
				);
				GCC_PREPROCESSOR_DEFINITIONS = (
					"DEBUG=1",
					"$(inherited)",
				);
				INFOPLIST_FILE = "Pitch PerfectTests/Info.plist";
				LD_RUNPATH_SEARCH_PATHS = "$(inherited) @executable_path/Frameworks @loader_path/Frameworks";
				PRODUCT_NAME = "$(TARGET_NAME)";
				TEST_HOST = "$(BUILT_PRODUCTS_DIR)/Pitch Perfect.app/Pitch Perfect";
			};
			name = Debug;
		};
		AB33F0C21AB2764F0044B1B4 /* Release */ = {
			isa = XCBuildConfiguration;
			buildSettings = {
				BUNDLE_LOADER = "$(TEST_HOST)";
				FRAMEWORK_SEARCH_PATHS = (
					"$(SDKROOT)/Developer/Library/Frameworks",
					"$(inherited)",
				);
				INFOPLIST_FILE = "Pitch PerfectTests/Info.plist";
				LD_RUNPATH_SEARCH_PATHS = "$(inherited) @executable_path/Frameworks @loader_path/Frameworks";
				PRODUCT_NAME = "$(TARGET_NAME)";
				TEST_HOST = "$(BUILT_PRODUCTS_DIR)/Pitch Perfect.app/Pitch Perfect";
			};
			name = Release;
		};
/* End XCBuildConfiguration section */

/* Begin XCConfigurationList section */
		AB33F0991AB2764E0044B1B4 /* Build configuration list for PBXProject "Pitch Perfect" */ = {
			isa = XCConfigurationList;
			buildConfigurations = (
				AB33F0BB1AB2764F0044B1B4 /* Debug */,
				AB33F0BC1AB2764F0044B1B4 /* Release */,
			);
			defaultConfigurationIsVisible = 0;
			defaultConfigurationName = Release;
		};
		AB33F0BD1AB2764F0044B1B4 /* Build configuration list for PBXNativeTarget "Pitch Perfect" */ = {
			isa = XCConfigurationList;
			buildConfigurations = (
				AB33F0BE1AB2764F0044B1B4 /* Debug */,
				AB33F0BF1AB2764F0044B1B4 /* Release */,
			);
			defaultConfigurationIsVisible = 0;
			defaultConfigurationName = Release;
		};
		AB33F0C01AB2764F0044B1B4 /* Build configuration list for PBXNativeTarget "Pitch PerfectTests" */ = {
			isa = XCConfigurationList;
			buildConfigurations = (
				AB33F0C11AB2764F0044B1B4 /* Debug */,
				AB33F0C21AB2764F0044B1B4 /* Release */,
			);
			defaultConfigurationIsVisible = 0;
			defaultConfigurationName = Release;
		};
/* End XCConfigurationList section */
	};
	rootObject = AB33F0961AB2764E0044B1B4 /* Project object */;
}
